
Microsoft Visual Studio Solution File, Format Version 12.00
# Visual Studio Version 17
VisualStudioVersion = 17.9.34607.119
MinimumVisualStudioVersion = 10.0.40219.1
Project("{FAE04EC0-301F-11D3-BF4B-00C04F79EFBC}") = "task", "task\task.csproj", "{01AA5525-5111-4C8B-8CF4-E0D920A9476C}"
EndProject
Global
	GlobalSection(SolutionConfigurationPlatforms) = preSolution
		Debug|Any CPU = Debug|Any CPU
		Release|Any CPU = Release|Any CPU
	EndGlobalSection
	GlobalSection(ProjectConfigurationPlatforms) = postSolution
		{01AA5525-5111-4C8B-8CF4-E0D920A9476C}.Debug|Any CPU.ActiveCfg = Debug|Any CPU
		{01AA5525-5111-4C8B-8CF4-E0D920A9476C}.Debug|Any CPU.Build.0 = Debug|Any CPU
		{01AA5525-5111-4C8B-8CF4-E0D920A9476C}.Release|Any CPU.ActiveCfg = Release|Any CPU
		{01AA5525-5111-4C8B-8CF4-E0D920A9476C}.Release|Any CPU.Build.0 = Release|Any CPU
	EndGlobalSection
	GlobalSection(SolutionProperties) = preSolution
		HideSolutionNode = FALSE
	EndGlobalSection
	GlobalSection(ExtensibilityGlobals) = postSolution
		SolutionGuid = {0277F75C-77B2-43A2-B79A-5AD9DF2EE268}
	EndGlobalSection
EndGlobal
